
Microsoft Visual Studio Solution File, Format Version 12.00
# Visual Studio Version 17
VisualStudioVersion = 17.2.32630.192
MinimumVisualStudioVersion = 10.0.40219.1
Project("{FAE04EC0-301F-11D3-BF4B-00C04F79EFBC}") = "GeometricLibrary", "GeometricLibrary\GeometricLibrary.csproj", "{C24368C3-8138-45A6-8CDE-2E8C9F36161C}"
EndProject
Project("{FAE04EC0-301F-11D3-BF4B-00C04F79EFBC}") = "GeometricLibraryTests", "GeometricLibraryTests\GeometricLibraryTests.csproj", "{27FFD48C-31AC-4F1A-8EFD-38D0DD88979E}"
EndProject
Global
	GlobalSection(SolutionConfigurationPlatforms) = preSolution
		Debug|Any CPU = Debug|Any CPU
		Release|Any CPU = Release|Any CPU
	EndGlobalSection
	GlobalSection(ProjectConfigurationPlatforms) = postSolution
		{C24368C3-8138-45A6-8CDE-2E8C9F36161C}.Debug|Any CPU.ActiveCfg = Debug|Any CPU
		{C24368C3-8138-45A6-8CDE-2E8C9F36161C}.Debug|Any CPU.Build.0 = Debug|Any CPU
		{C24368C3-8138-45A6-8CDE-2E8C9F36161C}.Release|Any CPU.ActiveCfg = Release|Any CPU
		{C24368C3-8138-45A6-8CDE-2E8C9F36161C}.Release|Any CPU.Build.0 = Release|Any CPU
		{27FFD48C-31AC-4F1A-8EFD-38D0DD88979E}.Debug|Any CPU.ActiveCfg = Debug|Any CPU
		{27FFD48C-31AC-4F1A-8EFD-38D0DD88979E}.Debug|Any CPU.Build.0 = Debug|Any CPU
		{27FFD48C-31AC-4F1A-8EFD-38D0DD88979E}.Release|Any CPU.ActiveCfg = Release|Any CPU
		{27FFD48C-31AC-4F1A-8EFD-38D0DD88979E}.Release|Any CPU.Build.0 = Release|Any CPU
	EndGlobalSection
	GlobalSection(SolutionProperties) = preSolution
		HideSolutionNode = FALSE
	EndGlobalSection
	GlobalSection(ExtensibilityGlobals) = postSolution
		SolutionGuid = {0D4BE65F-1B41-4280-B9CA-A6E47BFA80A2}
	EndGlobalSection
EndGlobal
